
Microsoft Visual Studio Solution File, Format Version 12.00
# Visual Studio Version 16
VisualStudioVersion = 16.0.28803.202
MinimumVisualStudioVersion = 10.0.40219.1
Project("{FAE04EC0-301F-11D3-BF4B-00C04F79EFBC}") = "ABC081A", "ABC081A\ABC081A.csproj", "{1596EF88-8ECD-4CA7-AF7B-4DA054787FEC}"
EndProject
Global
	GlobalSection(SolutionConfigurationPlatforms) = preSolution
		Debug|Any CPU = Debug|Any CPU
		Release|Any CPU = Release|Any CPU
	EndGlobalSection
	GlobalSection(ProjectConfigurationPlatforms) = postSolution
		{1596EF88-8ECD-4CA7-AF7B-4DA054787FEC}.Debug|Any CPU.ActiveCfg = Debug|Any CPU
		{1596EF88-8ECD-4CA7-AF7B-4DA054787FEC}.Debug|Any CPU.Build.0 = Debug|Any CPU
		{1596EF88-8ECD-4CA7-AF7B-4DA054787FEC}.Release|Any CPU.ActiveCfg = Release|Any CPU
		{1596EF88-8ECD-4CA7-AF7B-4DA054787FEC}.Release|Any CPU.Build.0 = Release|Any CPU
	EndGlobalSection
	GlobalSection(SolutionProperties) = preSolution
		HideSolutionNode = FALSE
	EndGlobalSection
	GlobalSection(ExtensibilityGlobals) = postSolution
		SolutionGuid = {A775EB70-8B07-49FE-ABB9-27C9EF11AC8C}
	EndGlobalSection
EndGlobal
