
Microsoft Visual Studio Solution File, Format Version 12.00
# Visual Studio Version 16
VisualStudioVersion = 16.0.28803.202
MinimumVisualStudioVersion = 10.0.40219.1
Project("{9A19103F-16F7-4668-BE54-9A1E7A4F7556}") = "PracticeA", "..\PracticeA\PracticeA.csproj", "{023C57F4-A64F-4E19-A6AF-50C670C1F941}"
EndProject
Project("{FAE04EC0-301F-11D3-BF4B-00C04F79EFBC}") = "PracticeA_2", "..\PracticeA_2\PracticeA_2.csproj", "{D9770DFA-F69D-4F9F-864D-B71D11DCDDBA}"
EndProject
Global
	GlobalSection(SolutionConfigurationPlatforms) = preSolution
		Debug|Any CPU = Debug|Any CPU
		Release|Any CPU = Release|Any CPU
	EndGlobalSection
	GlobalSection(ProjectConfigurationPlatforms) = postSolution
		{023C57F4-A64F-4E19-A6AF-50C670C1F941}.Debug|Any CPU.ActiveCfg = Debug|Any CPU
		{023C57F4-A64F-4E19-A6AF-50C670C1F941}.Debug|Any CPU.Build.0 = Debug|Any CPU
		{023C57F4-A64F-4E19-A6AF-50C670C1F941}.Release|Any CPU.ActiveCfg = Release|Any CPU
		{023C57F4-A64F-4E19-A6AF-50C670C1F941}.Release|Any CPU.Build.0 = Release|Any CPU
		{D9770DFA-F69D-4F9F-864D-B71D11DCDDBA}.Debug|Any CPU.ActiveCfg = Debug|Any CPU
		{D9770DFA-F69D-4F9F-864D-B71D11DCDDBA}.Debug|Any CPU.Build.0 = Debug|Any CPU
		{D9770DFA-F69D-4F9F-864D-B71D11DCDDBA}.Release|Any CPU.ActiveCfg = Release|Any CPU
		{D9770DFA-F69D-4F9F-864D-B71D11DCDDBA}.Release|Any CPU.Build.0 = Release|Any CPU
	EndGlobalSection
	GlobalSection(SolutionProperties) = preSolution
		HideSolutionNode = FALSE
	EndGlobalSection
	GlobalSection(ExtensibilityGlobals) = postSolution
		SolutionGuid = {FCED56FD-32DD-495C-B501-AB7EF30D2D10}
	EndGlobalSection
EndGlobal
