
Microsoft Visual Studio Solution File, Format Version 12.00
# Visual Studio Version 17
VisualStudioVersion = 17.8.34330.188
MinimumVisualStudioVersion = 10.0.40219.1
Project("{9A19103F-16F7-4668-BE54-9A1E7A4F7556}") = "Starter", "Starter\Starter.csproj", "{AAB53C77-2F96-404E-9464-72D0E9876EBB}"
EndProject
Project("{9A19103F-16F7-4668-BE54-9A1E7A4F7556}") = "Final", "Final\Final.csproj", "{D8E2E049-06A2-4B7D-B54E-9D30EEA5C354}"
EndProject
Project("{FAE04EC0-301F-11D3-BF4B-00C04F79EFBC}") = "Challenge", "Challenge\Challenge.csproj", "{6FDDBA27-1042-41C2-B34A-E45DDFE27265}"
EndProject
Global
	GlobalSection(SolutionConfigurationPlatforms) = preSolution
		Debug|Any CPU = Debug|Any CPU
		Release|Any CPU = Release|Any CPU
	EndGlobalSection
	GlobalSection(ProjectConfigurationPlatforms) = postSolution
		{AAB53C77-2F96-404E-9464-72D0E9876EBB}.Debug|Any CPU.ActiveCfg = Debug|Any CPU
		{AAB53C77-2F96-404E-9464-72D0E9876EBB}.Debug|Any CPU.Build.0 = Debug|Any CPU
		{AAB53C77-2F96-404E-9464-72D0E9876EBB}.Release|Any CPU.ActiveCfg = Release|Any CPU
		{AAB53C77-2F96-404E-9464-72D0E9876EBB}.Release|Any CPU.Build.0 = Release|Any CPU
		{D8E2E049-06A2-4B7D-B54E-9D30EEA5C354}.Debug|Any CPU.ActiveCfg = Debug|Any CPU
		{D8E2E049-06A2-4B7D-B54E-9D30EEA5C354}.Debug|Any CPU.Build.0 = Debug|Any CPU
		{D8E2E049-06A2-4B7D-B54E-9D30EEA5C354}.Release|Any CPU.ActiveCfg = Release|Any CPU
		{D8E2E049-06A2-4B7D-B54E-9D30EEA5C354}.Release|Any CPU.Build.0 = Release|Any CPU
		{6FDDBA27-1042-41C2-B34A-E45DDFE27265}.Debug|Any CPU.ActiveCfg = Debug|Any CPU
		{6FDDBA27-1042-41C2-B34A-E45DDFE27265}.Debug|Any CPU.Build.0 = Debug|Any CPU
		{6FDDBA27-1042-41C2-B34A-E45DDFE27265}.Release|Any CPU.ActiveCfg = Release|Any CPU
		{6FDDBA27-1042-41C2-B34A-E45DDFE27265}.Release|Any CPU.Build.0 = Release|Any CPU
	EndGlobalSection
	GlobalSection(SolutionProperties) = preSolution
		HideSolutionNode = FALSE
	EndGlobalSection
	GlobalSection(ExtensibilityGlobals) = postSolution
		SolutionGuid = {8960CEFF-73BE-4DA4-8B5F-F1C31E1FE0EB}
	EndGlobalSection
EndGlobal
